# THIS IS AN AUTOGENERATED FILE. DO NOT EDIT THIS FILE DIRECTLY.
# yarn lockfile v1


"@polka/url@^1.0.0-next.24":
  version "1.0.0-next.24"
  resolved "https://registry.yarnpkg.com/@polka/url/-/url-1.0.0-next.24.tgz#58601079e11784d20f82d0585865bb42305c4df3"
  integrity sha512-2LuNTFBIO0m7kKIQvvPHN6UE63VjpmL9rnEEaOOaiSPbZK+zUOYIzBAWcED+3XYzhYsd/0mD57VdxAEqqV52CQ==

"@tinyhttp/accepts@2.2.1":
  version "2.2.1"
  resolved "https://registry.yarnpkg.com/@tinyhttp/accepts/-/accepts-2.2.1.tgz#2ea212c3108ad70aead510595e2c74577953e119"
  integrity sha512-2DHJLSJX1gqR5F6nKuu7+hyCNoPRNOxvnQ11m0X8klkSVoBFBO2HMf3bJ8P+fmNv1e6RjHzHF+G+hJ3dxXIQXQ==
  dependencies:
    mime "4.0.1"
    negotiator "^0.6.3"

"@tinyhttp/app@^2.2.3":
  version "2.2.3"
  resolved "https://registry.yarnpkg.com/@tinyhttp/app/-/app-2.2.3.tgz#9336933ce84616ce43a124cd85ab360c9472ab49"
  integrity sha512-njr499Tx9BwlnIGfJjTuqfPwaUSTsjhUeRq/jVtHJpS95UgWECH7kiq8+bEx6TFRXiNKpARZ6KJUemlMyV+iCg==
  dependencies:
    "@tinyhttp/cookie" "2.1.0"
    "@tinyhttp/proxy-addr" "2.1.3"
    "@tinyhttp/req" "2.2.2"
    "@tinyhttp/res" "2.2.2"
    "@tinyhttp/router" "2.2.2"
    header-range-parser "1.1.3"
    regexparam "^2.0.1"

"@tinyhttp/content-disposition@2.2.0":
  version "2.2.0"
  resolved "https://registry.yarnpkg.com/@tinyhttp/content-disposition/-/content-disposition-2.2.0.tgz#0f5b96c3262b9b774f401fa9ead172c717ff6c57"
  integrity sha512-w1dJaSAtcCinOlT/YQg35RnFCOBbCHBGDVhH4yLoiJVtecRAJ2cYMf5HP+UhfbXURa38GC8fkRXO0vODDTjmeg==

"@tinyhttp/content-type@^0.1.4":
  version "0.1.4"
  resolved "https://registry.yarnpkg.com/@tinyhttp/content-type/-/content-type-0.1.4.tgz#112bce3b564213e0ed43fa76fccca4237be3a634"
  integrity sha512-dl6f3SHIJPYbhsW1oXdrqOmLSQF/Ctlv3JnNfXAE22kIP7FosqJHxkz/qj2gv465prG8ODKH5KEyhBkvwrueKQ==

"@tinyhttp/cookie-signature@2.1.0":
  version "2.1.0"
  resolved "https://registry.yarnpkg.com/@tinyhttp/cookie-signature/-/cookie-signature-2.1.0.tgz#b79c0f3b419e75dbafcefef14ad148694c97ae41"
  integrity sha512-bpOXBGf9rKoajtEG75O7xjwW+u2I/NNPkJWJTDdr6j7Vx0lG5R9Hnl3ty80Af4jwyo90ywXVpZIxKLubPK6RzA==

"@tinyhttp/cookie@2.1.0":
  version "2.1.0"
  resolved "https://registry.yarnpkg.com/@tinyhttp/cookie/-/cookie-2.1.0.tgz#aa29cb160ee4cdcbe58271353203caaf8cb2cb46"
  integrity sha512-o56utxXvIuLTCtPm66r8lcyUufpw0RkO+u4wQrTbc6snyyGZZ9hHzGRxPyko0ks90ctOkLh0mNKn7YZaTWlvfw==

"@tinyhttp/cors@^2.0.0":
  version "2.0.0"
  resolved "https://registry.yarnpkg.com/@tinyhttp/cors/-/cors-2.0.0.tgz#596047e5603335ca42be1b0318f7b58d30090413"
  integrity sha512-IwQsPBnK+gRrhTsPA4FPOfbNzZZt8cVsOIMNFb6HzoScaiWcoLEogL0Bz/aBSm8KM13uieVXoVT6udMqhqUS2A==
  dependencies:
    es-vary "^0.1.1"

"@tinyhttp/encode-url@2.1.1":
  version "2.1.1"
  resolved "https://registry.yarnpkg.com/@tinyhttp/encode-url/-/encode-url-2.1.1.tgz#a52bdbd75f541455190d1a16b0a81374c8dc587d"
  integrity sha512-AhY+JqdZ56qV77tzrBm0qThXORbsVjs/IOPgGCS7x/wWnsa/Bx30zDUU/jPAUcSzNOzt860x9fhdGpzdqbUeUw==

"@tinyhttp/etag@2.1.1":
  version "2.1.1"
  resolved "https://registry.yarnpkg.com/@tinyhttp/etag/-/etag-2.1.1.tgz#0813babee4b3e2c177b0d7169e1ef309a85a9b11"
  integrity sha512-AcHGK1nMlKIHmlbg8bb8UY/KhiaAX17SAn3/6wlgwwdX4UizA8HETDfCH3KLdu2ZASokynuwVFNDJCo1DAawGw==

"@tinyhttp/forwarded@2.1.2":
  version "2.1.2"
  resolved "https://registry.yarnpkg.com/@tinyhttp/forwarded/-/forwarded-2.1.2.tgz#24762f8d422e62553b101f19a2c1c68147ca10fd"
  integrity sha512-9H/eulJ68ElY/+zYpTpNhZ7vxGV+cnwaR6+oQSm7bVgZMyuQfgROW/qvZuhmgDTIxnGMXst+Ba4ij6w6Krcs3w==

"@tinyhttp/proxy-addr@2.1.3":
  version "2.1.3"
  resolved "https://registry.yarnpkg.com/@tinyhttp/proxy-addr/-/proxy-addr-2.1.3.tgz#27f13048cd2a0800496d8353737a7a2ae4bcf6cd"
  integrity sha512-Z0Q/0wEJpvall7LlBezXDy96CXLzPZb6xJawwEgsMXXQhmjb+r3EkpCBwMrWm2GlbJFL/UxKxpdumiNW3Ne06g==
  dependencies:
    "@tinyhttp/forwarded" "2.1.2"
    ipaddr.js "^2.1.0"

"@tinyhttp/req@2.2.2":
  version "2.2.2"
  resolved "https://registry.yarnpkg.com/@tinyhttp/req/-/req-2.2.2.tgz#f1f4c233bb4bee587808624644389b74464e9371"
  integrity sha512-LaL/RFRro0qjOQ0g3vxE6i9bWl9hhv9en7opykzLU4NimFPg2C8wl7Qkoyc0mDuoRMQmWpq730PDWXSUmLiT2A==
  dependencies:
    "@tinyhttp/accepts" "2.2.1"
    "@tinyhttp/type-is" "2.2.2"
    "@tinyhttp/url" "2.1.1"
    header-range-parser "^1.1.3"

"@tinyhttp/res@2.2.2":
  version "2.2.2"
  resolved "https://registry.yarnpkg.com/@tinyhttp/res/-/res-2.2.2.tgz#4c7f4f326e52320e2ad251b1082e58d6fb1e7f0b"
  integrity sha512-YeEYFwozag2qO5xoTj1Df+d5l6MXUefxz3xbcJD6ASVqUQytTEYtOC0FjhQKLpTLjMJKlS4mkKmeIdDLFO9btg==
  dependencies:
    "@tinyhttp/content-disposition" "2.2.0"
    "@tinyhttp/cookie" "2.1.0"
    "@tinyhttp/cookie-signature" "2.1.0"
    "@tinyhttp/encode-url" "2.1.1"
    "@tinyhttp/req" "2.2.2"
    "@tinyhttp/send" "2.2.1"
    "@tinyhttp/vary" "^0.1.3"
    es-escape-html "^0.1.1"
    mime "4.0.1"

"@tinyhttp/router@2.2.2":
  version "2.2.2"
  resolved "https://registry.yarnpkg.com/@tinyhttp/router/-/router-2.2.2.tgz#f2cca8b880a9ae6b184711542f6958dafbb8e30e"
  integrity sha512-i+1ouhPyTqcuJuOsKqmo7i+YD++0RF2lQLhBpcTnsaegD2gTEa3xW2Pcz7spYQGo7K8PQYtOrL7m9b14+BEXqg==

"@tinyhttp/send@2.2.1":
  version "2.2.1"
  resolved "https://registry.yarnpkg.com/@tinyhttp/send/-/send-2.2.1.tgz#62814ad8b8ba0c65ba0d557db0d444a6a2e852f2"
  integrity sha512-uFW0fxmYIPpB5RKP2vpL8QuafjUrCBmBWxZMIhFb7uBQky87t7x1QdpRB0vc+w11a2kok+Nc8ClD5kc6CRJCFg==
  dependencies:
    "@tinyhttp/content-type" "^0.1.4"
    "@tinyhttp/etag" "2.1.1"
    mime "4.0.1"

"@tinyhttp/type-is@2.2.2":
  version "2.2.2"
  resolved "https://registry.yarnpkg.com/@tinyhttp/type-is/-/type-is-2.2.2.tgz#8699a5f7cc43a9da719586840cb4ccb067b8dd58"
  integrity sha512-DmTm0MkdrUxEPI2WBBoYJT0bitWx6+xeUd3lya1NGbKmYArzyUE+KVro/9y/h6Bxh+RaAKNeTCF4H/ksbe/ULQ==
  dependencies:
    "@tinyhttp/content-type" "^0.1.4"
    mime "4.0.1"

"@tinyhttp/url@2.1.1":
  version "2.1.1"
  resolved "https://registry.yarnpkg.com/@tinyhttp/url/-/url-2.1.1.tgz#77fa8963f5b698bacbdc6912407f946d32c793e1"
  integrity sha512-POJeq2GQ5jI7Zrdmj22JqOijB5/GeX+LEX7DUdml1hUnGbJOTWDx7zf2b5cCERj7RoXL67zTgyzVblBJC+NJWg==

"@tinyhttp/vary@^0.1.3":
  version "0.1.3"
  resolved "https://registry.yarnpkg.com/@tinyhttp/vary/-/vary-0.1.3.tgz#f5bea4769f380c43a158832a8daad8e8b186757c"
  integrity sha512-SoL83sQXAGiHN1jm2VwLUWQSQeDAAl1ywOm6T0b0Cg1CZhVsjoiZadmjhxF6FHCCY7OHHVaLnTgSMxTPIDLxMg==

anymatch@~3.1.2:
  version "3.1.3"
  resolved "https://registry.yarnpkg.com/anymatch/-/anymatch-3.1.3.tgz#790c58b19ba1720a84205b57c618d5ad8524973e"
  integrity sha512-KMReFUr0B4t+D+OBkjR3KYqvocp2XaSzO55UcB6mgQMd3KbcE+mWTyvVV7D/zsdEbNnV6acZUutkiHQXvTr1Rw==
  dependencies:
    normalize-path "^3.0.0"
    picomatch "^2.0.4"

binary-extensions@^2.0.0:
  version "2.2.0"
  resolved "https://registry.yarnpkg.com/binary-extensions/-/binary-extensions-2.2.0.tgz#75f502eeaf9ffde42fc98829645be4ea76bd9e2d"
  integrity sha512-jDctJ/IVQbZoJykoeHbhXpOlNBqGNcwXJKJog42E5HDPUwQTSdjCHdihjj0DlnheQ7blbT6dHOafNAiS8ooQKA==

braces@~3.0.2:
  version "3.0.2"
  resolved "https://registry.yarnpkg.com/braces/-/braces-3.0.2.tgz#3454e1a462ee8d599e236df336cd9ea4f8afe107"
  integrity sha512-b8um+L1RzM3WDSzvhm6gIz1yfTbBt6YTlcEKAvsmqCZZFw46z626lVj9j1yEPW33H5H+lBQpZMP1k8l+78Ha0A==
  dependencies:
    fill-range "^7.0.1"

chalk@^5.3.0:
  version "5.3.0"
  resolved "https://registry.yarnpkg.com/chalk/-/chalk-5.3.0.tgz#67c20a7ebef70e7f3970a01f90fa210cb6860385"
  integrity sha512-dLitG79d+GV1Nb/VYcCDFivJeK1hiukt9QjRNVOsUtTy1rR1YJsmpGGTZ3qJos+uw7WmWF4wUwBd9jxjocFC2w==

chokidar@^3.5.3:
  version "3.6.0"
  resolved "https://registry.yarnpkg.com/chokidar/-/chokidar-3.6.0.tgz#197c6cc669ef2a8dc5e7b4d97ee4e092c3eb0d5b"
  integrity sha512-7VT13fmjotKpGipCW9JEQAusEPE+Ei8nl6/g4FBAmIm0GOOLMua9NDDo/DWp0ZAxCr3cPq5ZpBqmPAQgDda2Pw==
  dependencies:
    anymatch "~3.1.2"
    braces "~3.0.2"
    glob-parent "~5.1.2"
    is-binary-path "~2.1.0"
    is-glob "~4.0.1"
    normalize-path "~3.0.0"
    readdirp "~3.6.0"
  optionalDependencies:
    fsevents "~2.3.2"

dot-prop@^8.0.2:
  version "8.0.2"
  resolved "https://registry.yarnpkg.com/dot-prop/-/dot-prop-8.0.2.tgz#afda6866610684dd155a96538f8efcdf78a27f18"
  integrity sha512-xaBe6ZT4DHPkg0k4Ytbvn5xoxgpG0jOS1dYxSOwAHPuNLjP3/OzN0gH55SrLqpx8cBfSaVt91lXYkApjb+nYdQ==
  dependencies:
    type-fest "^3.8.0"

es-escape-html@^0.1.1:
  version "0.1.1"
  resolved "https://registry.yarnpkg.com/es-escape-html/-/es-escape-html-0.1.1.tgz#9a582d49754ec6204524952c76a383fe5f03c1c0"
  integrity sha512-yUx1o+8RsG7UlszmYPtks+dm6Lho2m8lgHMOsLJQsFI0R8XwUJwiMhM1M4E/S8QLeGyf6MkDV/pWgjQ0tdTSyQ==

es-vary@^0.1.1:
  version "0.1.2"
  resolved "https://registry.yarnpkg.com/es-vary/-/es-vary-0.1.2.tgz#d02940618962e2ffbdde9eedb876bec4c9e06f6c"
  integrity sha512-pLqqZoOutAXQXyBJrUYVNM5fZngiOJYi1Xl4svQMrluTsqDUOQlBMw9EYgLrsWL6niDYn/Yd1y2Pj6GC+j/yjA==

eta@^3.2.0:
  version "3.2.0"
  resolved "https://registry.yarnpkg.com/eta/-/eta-3.2.0.tgz#7a2af4c897f57ea9483f5d953dc35c1ab0e97080"
  integrity sha512-Qzc3it7nLn49dbOb9+oHV9rwtt9qN8oShRztqkZ3gXPqQflF0VLin5qhWk0g/2ioibBwT4DU6OIMVft7tg/rVg==

fill-range@^7.0.1:
  version "7.0.1"
  resolved "https://registry.yarnpkg.com/fill-range/-/fill-range-7.0.1.tgz#1919a6a7c75fe38b2c7c77e5198535da9acdda40"
  integrity sha512-qOo9F+dMUmC2Lcb4BbVvnKJxTPjCm+RRpe4gDuGrzkL7mEVl/djYSu2OdQ2Pa302N4oqkSg9ir6jaLWJ2USVpQ==
  dependencies:
    to-regex-range "^5.0.1"

fsevents@~2.3.2:
  version "2.3.3"
  resolved "https://registry.yarnpkg.com/fsevents/-/fsevents-2.3.3.tgz#cac6407785d03675a2a5e1a5305c697b347d90d6"
  integrity sha512-5xoDfX+fL7faATnagmWPpbFtwh/R77WmMMqqHGS65C3vvB0YHrgF+B1YmZ3441tMj5n63k0212XNoJwzlhffQw==

glob-parent@~5.1.2:
  version "5.1.2"
  resolved "https://registry.yarnpkg.com/glob-parent/-/glob-parent-5.1.2.tgz#869832c58034fe68a4093c17dc15e8340d8401c4"
  integrity sha512-AOIgSQCepiJYwP3ARnGx+5VnTu2HBYdzbGP45eLw1vr3zB3vZLeyed1sC9hnbcOc9/SrMyM5RPQrkGz4aS9Zow==
  dependencies:
    is-glob "^4.0.1"

header-range-parser@1.1.3, header-range-parser@^1.1.3:
  version "1.1.3"
  resolved "https://registry.yarnpkg.com/header-range-parser/-/header-range-parser-1.1.3.tgz#6414b5b12e3b645d29d85225a58fd207d66d30ef"
  integrity sha512-B9zCFt3jH8g09LR1vHL4pcAn8yMEtlSlOUdQemzHMRKMImNIhhszdeosYFfNW0WXKQtXIlWB+O4owHJKvEJYaA==

inflection@^3.0.0:
  version "3.0.0"
  resolved "https://registry.yarnpkg.com/inflection/-/inflection-3.0.0.tgz#6a956fa90d72a27d22e6b32ec1064877593ee23b"
  integrity sha512-1zEJU1l19SgJlmwqsEyFTbScw/tkMHFenUo//Y0i+XEP83gDFdMvPizAD/WGcE+l1ku12PcTVHQhO6g5E0UCMw==

ipaddr.js@^2.1.0:
  version "2.1.0"
  resolved "https://registry.yarnpkg.com/ipaddr.js/-/ipaddr.js-2.1.0.tgz#2119bc447ff8c257753b196fc5f1ce08a4cdf39f"
  integrity sha512-LlbxQ7xKzfBusov6UMi4MFpEg0m+mAm9xyNGEduwXMEDuf4WfzB/RZwMVYEd7IKGvh4IUkEXYxtAVu9T3OelJQ==

is-binary-path@~2.1.0:
  version "2.1.0"
  resolved "https://registry.yarnpkg.com/is-binary-path/-/is-binary-path-2.1.0.tgz#ea1f7f3b80f064236e83470f86c09c254fb45b09"
  integrity sha512-ZMERYes6pDydyuGidse7OsHxtbI7WVeUEozgR/g7rd0xUimYNlvZRE/K2MgZTjWy725IfelLeVcEM97mmtRGXw==
  dependencies:
    binary-extensions "^2.0.0"

is-extglob@^2.1.1:
  version "2.1.1"
  resolved "https://registry.yarnpkg.com/is-extglob/-/is-extglob-2.1.1.tgz#a88c02535791f02ed37c76a1b9ea9773c833f8c2"
  integrity sha512-SbKbANkN603Vi4jEZv49LeVJMn4yGwsbzZworEoyEiutsN3nJYdbO36zfhGJ6QEDpOZIFkDtnq5JRxmvl3jsoQ==

is-glob@^4.0.1, is-glob@~4.0.1:
  version "4.0.3"
  resolved "https://registry.yarnpkg.com/is-glob/-/is-glob-4.0.3.tgz#64f61e42cbbb2eec2071a9dac0b28ba1e65d5084"
  integrity sha512-xelSayHH36ZgE7ZWhli7pW34hNbNl8Ojv5KVmkJD4hBdD3th8Tfk9vYasLM+mXWOZhFkgZfxhLSnrwRr4elSSg==
  dependencies:
    is-extglob "^2.1.1"

is-number@^7.0.0:
  version "7.0.0"
  resolved "https://registry.yarnpkg.com/is-number/-/is-number-7.0.0.tgz#7535345b896734d5f80c4d06c50955527a14f12b"
  integrity sha512-41Cifkg6e8TylSpdtTpeLVMqvSBEVzTttHvERD741+pnZ8ANv0004MRL43QKPDlK9cGvNp6NZWZUBlbGXYxxng==

json-server@^1.0.0-alpha.23:
  version "1.0.0-alpha.23"
  resolved "https://registry.yarnpkg.com/json-server/-/json-server-1.0.0-alpha.23.tgz#16ce3c1bf51b36e5770e4d4626687be916e4dac1"
  integrity sha512-FPL1veNELhkr3tttwbIutKPkc/AUfLWSmslTwLYYPzl9RbCJQrwSPJceYWg2LnK1cv20tcEMLI2Kxl1lHz155Q==
  dependencies:
    "@tinyhttp/app" "^2.2.3"
    "@tinyhttp/cors" "^2.0.0"
    chalk "^5.3.0"
    chokidar "^3.5.3"
    dot-prop "^8.0.2"
    eta "^3.2.0"
    inflection "^3.0.0"
    json5 "^2.2.3"
    lowdb "^7.0.1"
    milliparsec "^2.3.0"
    sirv "^2.0.4"
    sort-on "^6.0.0"

json5@^2.2.3:
  version "2.2.3"
  resolved "https://registry.yarnpkg.com/json5/-/json5-2.2.3.tgz#78cd6f1a19bdc12b73db5ad0c61efd66c1e29283"
  integrity sha512-XmOWe7eyHYH14cLdVPoyg+GOH3rYX++KpzrylJwSW98t3Nk+U8XOl8FWKOgwtzdb8lXGf6zYwDUzeHMWfxasyg==

lowdb@^7.0.1:
  version "7.0.1"
  resolved "https://registry.yarnpkg.com/lowdb/-/lowdb-7.0.1.tgz#7354a684547d76206b1c730b9434604235b125e5"
  integrity sha512-neJAj8GwF0e8EpycYIDFqEPcx9Qz4GUho20jWFR7YiFeXzF1YMLdxB36PypcTSPMA+4+LvgyMacYhlr18Zlymw==
  dependencies:
    steno "^4.0.2"

milliparsec@^2.3.0:
  version "2.3.0"
  resolved "https://registry.yarnpkg.com/milliparsec/-/milliparsec-2.3.0.tgz#4644a08c2e700ff7d55881f4054aab270c89cb6f"
  integrity sha512-b+6KYJw+DwQjk24qCUuq+lZvRXDpXJ02qsllKgKaDurHpQ0v7D5op9VAkdYM/pXRhFeh7uLYHmnwFnYvdXGa3A==

mime@4.0.1:
  version "4.0.1"
  resolved "https://registry.yarnpkg.com/mime/-/mime-4.0.1.tgz#ad7563d1bfe30253ad97dedfae2b1009d01b9470"
  integrity sha512-5lZ5tyrIfliMXzFtkYyekWbtRXObT9OWa8IwQ5uxTBDHucNNwniRqo0yInflj+iYi5CBa6qxadGzGarDfuEOxA==

mrmime@^2.0.0:
  version "2.0.0"
  resolved "https://registry.yarnpkg.com/mrmime/-/mrmime-2.0.0.tgz#151082a6e06e59a9a39b46b3e14d5cfe92b3abb4"
  integrity sha512-eu38+hdgojoyq63s+yTpN4XMBdt5l8HhMhc4VKLO9KM5caLIBvUm4thi7fFaxyTmCKeNnXZ5pAlBwCUnhA09uw==

negotiator@^0.6.3:
  version "0.6.3"
  resolved "https://registry.yarnpkg.com/negotiator/-/negotiator-0.6.3.tgz#58e323a72fedc0d6f9cd4d31fe49f51479590ccd"
  integrity sha512-+EUsqGPLsM+j/zdChZjsnX51g4XrHFOIXwfnCVPGlQk/k5giakcKsuxCObBRu6DSm9opw/O6slWbJdghQM4bBg==

normalize-path@^3.0.0, normalize-path@~3.0.0:
  version "3.0.0"
  resolved "https://registry.yarnpkg.com/normalize-path/-/normalize-path-3.0.0.tgz#0dcd69ff23a1c9b11fd0978316644a0388216a65"
  integrity sha512-6eZs5Ls3WtCisHWp9S2GUy8dqkpGi4BVSz3GaqiE6ezub0512ESztXUwUB6C6IKbQkY2Pnb/mD4WYojCRwcwLA==

picomatch@^2.0.4, picomatch@^2.2.1:
  version "2.3.1"
  resolved "https://registry.yarnpkg.com/picomatch/-/picomatch-2.3.1.tgz#3ba3833733646d9d3e4995946c1365a67fb07a42"
  integrity sha512-JU3teHTNjmE2VCGFzuY8EXzCDVwEqB2a8fsIvwaStHhAWJEeVd1o1QD80CU6+ZdEXXSLbSsuLwJjkCBWqRQUVA==

readdirp@~3.6.0:
  version "3.6.0"
  resolved "https://registry.yarnpkg.com/readdirp/-/readdirp-3.6.0.tgz#74a370bd857116e245b29cc97340cd431a02a6c7"
  integrity sha512-hOS089on8RduqdbhvQ5Z37A0ESjsqz6qnRcffsMU3495FuTdqSm+7bhJ29JvIOsBDEEnan5DPu9t3To9VRlMzA==
  dependencies:
    picomatch "^2.2.1"

regexparam@^2.0.1:
  version "2.0.2"
  resolved "https://registry.yarnpkg.com/regexparam/-/regexparam-2.0.2.tgz#a0f6aa057c67b1c9c09508c45823c0755b1f6e58"
  integrity sha512-A1PeDEYMrkLrfyOwv2jwihXbo9qxdGD3atBYQA9JJgreAx8/7rC6IUkWOw2NQlOxLp2wL0ifQbh1HuidDfYA6w==

sirv@^2.0.4:
  version "2.0.4"
  resolved "https://registry.yarnpkg.com/sirv/-/sirv-2.0.4.tgz#5dd9a725c578e34e449f332703eb2a74e46a29b0"
  integrity sha512-94Bdh3cC2PKrbgSOUqTiGPWVZeSiXfKOVZNJniWoqrWrRkB1CJzBU3NEbiTsPcYy1lDsANA/THzS+9WBiy5nfQ==
  dependencies:
    "@polka/url" "^1.0.0-next.24"
    mrmime "^2.0.0"
    totalist "^3.0.0"

sort-on@^6.0.0:
  version "6.0.0"
  resolved "https://registry.yarnpkg.com/sort-on/-/sort-on-6.0.0.tgz#3aeb0a939a81f7ca44d257f40b8e55be4788a3f4"
  integrity sha512-d51VlJWoFQjp+cIZRyNusCyJdP5pLAw+H+sC4C2q6RhPBv+RAb/QXXck5q3Kdm7h/ot/kD2AlpGPDee8v+0qiA==
  dependencies:
    dot-prop "^8.0.2"

steno@^4.0.2:
  version "4.0.2"
  resolved "https://registry.yarnpkg.com/steno/-/steno-4.0.2.tgz#9bd9b0ffc226a1f9436f29132c8b8e7199d22c50"
  integrity sha512-yhPIQXjrlt1xv7dyPQg2P17URmXbuM5pdGkpiMB3RenprfiBlvK415Lctfe0eshk90oA7/tNq7WEiMK8RSP39A==

to-regex-range@^5.0.1:
  version "5.0.1"
  resolved "https://registry.yarnpkg.com/to-regex-range/-/to-regex-range-5.0.1.tgz#1648c44aae7c8d988a326018ed72f5b4dd0392e4"
  integrity sha512-65P7iz6X5yEr1cwcgvQxbbIw7Uk3gOy5dIdtZ4rDveLqhrdJP+Li/Hx6tyK0NEb+2GCyneCMJiGqrADCSNk8sQ==
  dependencies:
    is-number "^7.0.0"

totalist@^3.0.0:
  version "3.0.1"
  resolved "https://registry.yarnpkg.com/totalist/-/totalist-3.0.1.tgz#ba3a3d600c915b1a97872348f79c127475f6acf8"
  integrity sha512-sf4i37nQ2LBx4m3wB74y+ubopq6W/dIzXg0FDGjsYnZHVa1Da8FH853wlL2gtUhg+xJXjfk3kUZS3BRoQeoQBQ==

type-fest@^3.8.0:
  version "3.13.1"
  resolved "https://registry.yarnpkg.com/type-fest/-/type-fest-3.13.1.tgz#bb744c1f0678bea7543a2d1ec24e83e68e8c8706"
  integrity sha512-tLq3bSNx+xSpwvAJnzrK0Ep5CLNWjvFTOp71URMaAEWBfRb9nnJiBoUe0tF8bI4ZFO3omgBR6NvnbzVUT3Ly4g==
